PODS:
  - BSImagePicker (3.3.1)
  - connectivity (0.0.1):
    - Flutter
    - Reachability
  - device_info (0.0.1):
    - Flutter
  - Firebase/CoreOnly (8.7.0):
    - FirebaseCore (= 8.7.0)
  - Firebase/Crashlytics (8.7.0):
    - Firebase/CoreOnly
    - FirebaseCrashlytics (~> 8.7.0)
  - Firebase/Messaging (8.7.0):
    - Firebase/CoreOnly
    - FirebaseMessaging (~> 8.7.0)
  - firebase_core (1.7.0):
    - Firebase/CoreOnly (= 8.7.0)
    - Flutter
  - firebase_crashlytics (2.2.3):
    - Firebase/Crashlytics (= 8.7.0)
    - firebase_core
    - Flutter
  - firebase_messaging (10.0.8):
    - Firebase/Messaging (= 8.7.0)
    - firebase_core
    - Flutter
  - FirebaseCore (8.7.0):
    - FirebaseCoreDiagnostics (~> 8.0)
    - GoogleUtilities/Environment (~> 7.4)
    - GoogleUtilities/Logger (~> 7.4)
  - FirebaseCoreDiagnostics (8.8.0):
    - GoogleDataTransport (~> 9.0)
    - GoogleUtilities/Environment (~> 7.4)
    - GoogleUtilities/Logger (~> 7.4)
    - nanopb (~> 2.30908.0)
  - FirebaseCrashlytics (8.7.0):
    - FirebaseCore (~> 8.0)
    - FirebaseInstallations (~> 8.0)
    - GoogleDataTransport (~> 9.0)
    - GoogleUtilities/Environment (~> 7.4)
    - nanopb (~> 2.30908.0)
    - PromisesObjC (< 3.0, >= 1.2)
  - FirebaseInstallations (8.8.0):
    - FirebaseCore (~> 8.0)
    - GoogleUtilities/Environment (~> 7.4)
    - GoogleUtilities/UserDefaults (~> 7.4)
    - PromisesObjC (< 3.0, >= 1.2)
  - FirebaseMessaging (8.7.0):
    - FirebaseCore (~> 8.0)
    - FirebaseInstallations (~> 8.0)
    - GoogleDataTransport (~> 9.0)
    - GoogleUtilities/AppDelegateSwizzler (~> 7.4)
    - GoogleUtilities/Environment (~> 7.4)
    - GoogleUtilities/Reachability (~> 7.4)
    - GoogleUtilities/UserDefaults (~> 7.4)
    - nanopb (~> 2.30908.0)
  - Flutter (1.0.0)
  - fluttertoast (0.0.2):
    - Flutter
    - Toast
  - GoogleDataTransport (9.1.0):
    - GoogleUtilities/Environment (~> 7.2)
    - nanopb (~> 2.30908.0)
    - PromisesObjC (< 3.0, >= 1.2)
  - GoogleUtilities/AppDelegateSwizzler (7.5.2):
    - GoogleUtilities/Environment
    - GoogleUtilities/Logger
    - GoogleUtilities/Network
  - GoogleUtilities/Environment (7.5.2):
    - PromisesObjC (< 3.0, >= 1.2)
  - GoogleUtilities/Logger (7.5.2):
    - GoogleUtilities/Environment
  - GoogleUtilities/Network (7.5.2):
    - GoogleUtilities/Logger
    - "GoogleUtilities/NSData+zlib"
    - GoogleUtilities/Reachability
  - "GoogleUtilities/NSData+zlib (7.5.2)"
  - GoogleUtilities/Reachability (7.5.2):
    - GoogleUtilities/Logger
  - GoogleUtilities/UserDefaults (7.5.2):
    - GoogleUtilities/Logger
  - image_picker (0.0.1):
    - Flutter
  - libphonenumber (0.0.1):
    - Flutter
    - libPhoneNumber-iOS
  - libPhoneNumber-iOS (0.9.15)
  - libphonenumber_plugin (0.0.1):
    - Flutter
    - libphonenumber
    - libPhoneNumber-iOS
  - multi_image_picker2 (5.0.00):
    - BSImagePicker (~> 3.3.1)
    - Flutter
  - nanopb (2.30908.0):
    - nanopb/decode (= 2.30908.0)
    - nanopb/encode (= 2.30908.0)
  - nanopb/decode (2.30908.0)
  - nanopb/encode (2.30908.0)
  - package_info (0.0.1):
    - Flutter
  - path_provider (0.0.1):
    - Flutter
  - PromisesObjC (2.0.0)
  - Reachability (3.2)
  - shared_preferences (0.0.1):
    - Flutter
  - sms_autofill (0.0.1):
    - Flutter
  - Toast (4.0.0)

DEPENDENCIES:
  - connectivity (from `.symlinks/plugins/connectivity/ios`)
  - device_info (from `.symlinks/plugins/device_info/ios`)
  - firebase_core (from `.symlinks/plugins/firebase_core/ios`)
  - firebase_crashlytics (from `.symlinks/plugins/firebase_crashlytics/ios`)
  - firebase_messaging (from `.symlinks/plugins/firebase_messaging/ios`)
  - Flutter (from `Flutter`)
  - fluttertoast (from `.symlinks/plugins/fluttertoast/ios`)
  - image_picker (from `.symlinks/plugins/image_picker/ios`)
  - libphonenumber (from `.symlinks/plugins/libphonenumber/ios`)
  - libphonenumber_plugin (from `.symlinks/plugins/libphonenumber_plugin/ios`)
  - multi_image_picker2 (from `.symlinks/plugins/multi_image_picker2/ios`)
  - package_info (from `.symlinks/plugins/package_info/ios`)
  - path_provider (from `.symlinks/plugins/path_provider/ios`)
  - shared_preferences (from `.symlinks/plugins/shared_preferences/ios`)
  - sms_autofill (from `.symlinks/plugins/sms_autofill/ios`)

SPEC REPOS:
  trunk:
    - BSImagePicker
    - Firebase
    - FirebaseCore
    - FirebaseCoreDiagnostics
    - FirebaseCrashlytics
    - FirebaseInstallations
    - FirebaseMessaging
    - GoogleDataTransport
    - GoogleUtilities
    - libPhoneNumber-iOS
    - nanopb
    - PromisesObjC
    - Reachability
    - Toast

EXTERNAL SOURCES:
  connectivity:
    :path: ".symlinks/plugins/connectivity/ios"
  device_info:
    :path: ".symlinks/plugins/device_info/ios"
  firebase_core:
    :path: ".symlinks/plugins/firebase_core/ios"
  firebase_crashlytics:
    :path: ".symlinks/plugins/firebase_crashlytics/ios"
  firebase_messaging:
    :path: ".symlinks/plugins/firebase_messaging/ios"
  Flutter:
    :path: Flutter
  fluttertoast:
    :path: ".symlinks/plugins/fluttertoast/ios"
  image_picker:
    :path: ".symlinks/plugins/image_picker/ios"
  libphonenumber:
    :path: ".symlinks/plugins/libphonenumber/ios"
  libphonenumber_plugin:
    :path: ".symlinks/plugins/libphonenumber_plugin/ios"
  multi_image_picker2:
    :path: ".symlinks/plugins/multi_image_picker2/ios"
  package_info:
    :path: ".symlinks/plugins/package_info/ios"
  path_provider:
    :path: ".symlinks/plugins/path_provider/ios"
  shared_preferences:
    :path: ".symlinks/plugins/shared_preferences/ios"
  sms_autofill:
    :path: ".symlinks/plugins/sms_autofill/ios"

SPEC CHECKSUMS:
  BSImagePicker: 0fe04b574d4d6b81093785d2af6c26227efc8428
  connectivity: c4130b2985d4ef6fd26f9702e886bd5260681467
  device_info: d7d233b645a32c40dfdc212de5cf646ca482f175
  Firebase: bc9325d5ee2041524bac78a5213d0e530c651309
  firebase_core: f5ac1f2726a2bd0468cea0161eddeea3d83d7e3e
  firebase_crashlytics: 16f2d46200fab0b7085912fd473f77c06b3c69f7
  firebase_messaging: cfee8830477d2f1875e027a65cce7f6239ebf583
  FirebaseCore: f4804c1d3f4bbbefc88904d15653038f2c99ddf7
  FirebaseCoreDiagnostics: fe77f42da6329d6d83d21fd9d621a6b704413bfc
  FirebaseCrashlytics: 6fac03d1eef054833b71c929c93ab95c12989728
  FirebaseInstallations: 2563cb18a723ef9c6ef18318a49519b75dce613c
  FirebaseMessaging: 93227dd71d7888e200baef65043f81acb2b6596e
  Flutter: 50d75fe2f02b26cc09d224853bb45737f8b3214a
  fluttertoast: 6122fa75143e992b1d3470f61000f591a798cc58
  GoogleDataTransport: 85fd18ff3019bb85d3f2c551d04c481dedf71fc9
  GoogleUtilities: 8de2a97a17e15b6b98e38e8770e2d129a57c0040
  image_picker: 9aa50e1d8cdacdbed739e925b7eea16d014367e6
  libphonenumber: bd14d5abfc5939ab0b0767234e2d8e2593af258e
  libPhoneNumber-iOS: 0a32a9525cf8744fe02c5206eb30d571e38f7d75
  libphonenumber_plugin: 7cf755ad1656145935d6c208173a476bd3f12898
  multi_image_picker2: f81a13124e7a2bc48e7d15ee539a5f8b9ff4d407
  nanopb: a0ba3315591a9ae0a16a309ee504766e90db0c96
  package_info: 873975fc26034f0b863a300ad47e7f1ac6c7ec62
  path_provider: d1e9807085df1f9cc9318206cd649dc0b76be3de
  PromisesObjC: 68159ce6952d93e17b2dfe273b8c40907db5ba58
  Reachability: 33e18b67625424e47b6cde6d202dce689ad7af96
  shared_preferences: 5033afbb22d372e15aff8ff766df9021b845f273
  sms_autofill: c461043483362c3f1709ee76eaae6eb570b31686
  Toast: 91b396c56ee72a5790816f40d3a94dd357abc196

PODFILE CHECKSUM: 985e5b058f26709dc81f9ae74ea2b2775bdbcefe

COCOAPODS: 1.10.1
